// !$*UTF8*$!
{
	archiveVersion = 1;
	classes = {
	};
	objectVersion = 46;
	objects = {

/* Begin PBXBuildFile section */
		1C2FE28F190C44C800EBE04B /* libaffinity.dylib in Frameworks */ = {isa = PBXBuildFile; fileRef = 1C2FE28E190C44C800EBE04B /* libaffinity.dylib */; };
		1C54840B18F6A8F7004FB2BC /* webapp.cpp in Sources */ = {isa = PBXBuildFile; fileRef = 1C54840A18F6A8F7004FB2BC /* webapp.cpp */; };
/* End PBXBuildFile section */

/* Begin PBXFileReference section */
		1C2FE28E190C44C800EBE04B /* libaffinity.dylib */ = {isa = PBXFileReference; lastKnownFileType = "compiled.mach-o.dylib"; name = libaffinity.dylib; path = "../../../../Library/Developer/Xcode/DerivedData/kernel-awtwblkwspfzbkdyjctabennygke/Build/Products/Debug/libaffinity.dylib"; sourceTree = "<group>"; };
		1C54840218F6A608004FB2BC /* libwebapp.dylib */ = {isa = PBXFileReference; explicitFileType = "compiled.mach-o.dylib"; includeInIndex = 0; path = libwebapp.dylib; sourceTree = BUILT_PRODUCTS_DIR; };
		1C54840A18F6A8F7004FB2BC /* webapp.cpp */ = {isa = PBXFileReference; fileEncoding = 4; lastKnownFileType = sourcecode.cpp.cpp; name = webapp.cpp; path = src/webapp.cpp; sourceTree = "<group>"; };
/* End PBXFileReference section */

/* Begin PBXFrameworksBuildPhase section */
		1C5483FF18F6A608004FB2BC /* Frameworks */ = {
			isa = PBXFrameworksBuildPhase;
			buildActionMask = 2147483647;
			files = (
				1C2FE28F190C44C800EBE04B /* libaffinity.dylib in Frameworks */,
			);
			runOnlyForDeploymentPostprocessing = 0;
		};
/* End PBXFrameworksBuildPhase section */

/* Begin PBXGroup section */
		1C5483F918F6A608004FB2BC = {
			isa = PBXGroup;
			children = (
				1C54840918F6A8C5004FB2BC /* src */,
				1C54840318F6A608004FB2BC /* Products */,
				1C2FE28E190C44C800EBE04B /* libaffinity.dylib */,
			);
			sourceTree = "<group>";
		};
		1C54840318F6A608004FB2BC /* Products */ = {
			isa = PBXGroup;
			children = (
				1C54840218F6A608004FB2BC /* libwebapp.dylib */,
			);
			name = Products;
			sourceTree = "<group>";
		};
		1C54840918F6A8C5004FB2BC /* src */ = {
			isa = PBXGroup;
			children = (
				1C54840A18F6A8F7004FB2BC /* webapp.cpp */,
			);
			name = src;
			sourceTree = "<group>";
		};
/* End PBXGroup section */

/* Begin PBXHeadersBuildPhase section */
		1C54840018F6A608004FB2BC /* Headers */ = {
			isa = PBXHeadersBuildPhase;
			buildActionMask = 2147483647;
			files = (
			);
			runOnlyForDeploymentPostprocessing = 0;
		};
/* End PBXHeadersBuildPhase section */

/* Begin PBXNativeTarget section */
		1C54840118F6A608004FB2BC /* webapp */ = {
			isa = PBXNativeTarget;
			buildConfigurationList = 1C54840618F6A608004FB2BC /* Build configuration list for PBXNativeTarget "webapp" */;
			buildPhases = (
				1C5483FE18F6A608004FB2BC /* Sources */,
				1C5483FF18F6A608004FB2BC /* Frameworks */,
				1C54840018F6A608004FB2BC /* Headers */,
			);
			buildRules = (
			);
			dependencies = (
			);
			name = webapp;
			productName = webapp;
			productReference = 1C54840218F6A608004FB2BC /* libwebapp.dylib */;
			productType = "com.apple.product-type.library.dynamic";
		};
/* End PBXNativeTarget section */

/* Begin PBXProject section */
		1C5483FA18F6A608004FB2BC /* Project object */ = {
			isa = PBXProject;
			attributes = {
				LastUpgradeCheck = 0510;
				ORGANIZATIONNAME = "Mark Venguerov";
			};
			buildConfigurationList = 1C5483FD18F6A608004FB2BC /* Build configuration list for PBXProject "webapp" */;
			compatibilityVersion = "Xcode 3.2";
			developmentRegion = English;
			hasScannedForEncodings = 0;
			knownRegions = (
				en,
			);
			mainGroup = 1C5483F918F6A608004FB2BC;
			productRefGroup = 1C54840318F6A608004FB2BC /* Products */;
			projectDirPath = "";
			projectRoot = "";
			targets = (
				1C54840118F6A608004FB2BC /* webapp */,
			);
		};
/* End PBXProject section */

/* Begin PBXSourcesBuildPhase section */
		1C5483FE18F6A608004FB2BC /* Sources */ = {
			isa = PBXSourcesBuildPhase;
			buildActionMask = 2147483647;
			files = (
				1C54840B18F6A8F7004FB2BC /* webapp.cpp in Sources */,
			);
			runOnlyForDeploymentPostprocessing = 0;
		};
/* End PBXSourcesBuildPhase section */

/* Begin XCBuildConfiguration section */
		1C54840418F6A608004FB2BC /* Debug */ = {
			isa = XCBuildConfiguration;
			buildSettings = {
				ALWAYS_SEARCH_USER_PATHS = NO;
				CLANG_CXX_LANGUAGE_STANDARD = "gnu++0x";
				CLANG_CXX_LIBRARY = "libc++";
				CLANG_ENABLE_MODULES = YES;
				CLANG_ENABLE_OBJC_ARC = YES;
				CLANG_WARN_BOOL_CONVERSION = YES;
				CLANG_WARN_CONSTANT_CONVERSION = YES;
				CLANG_WARN_DIRECT_OBJC_ISA_USAGE = YES_ERROR;
				CLANG_WARN_EMPTY_BODY = YES;
				CLANG_WARN_ENUM_CONVERSION = YES;
				CLANG_WARN_INT_CONVERSION = YES;
				CLANG_WARN_OBJC_ROOT_CLASS = YES_ERROR;
				CLANG_WARN__DUPLICATE_METHOD_MATCH = YES;
				COPY_PHASE_STRIP = NO;
				GCC_C_LANGUAGE_STANDARD = gnu99;
				GCC_DYNAMIC_NO_PIC = NO;
				GCC_ENABLE_OBJC_EXCEPTIONS = YES;
				GCC_OPTIMIZATION_LEVEL = 0;
				GCC_PREPROCESSOR_DEFINITIONS = (
					"DEBUG=1",
					"$(inherited)",
				);
				GCC_SYMBOLS_PRIVATE_EXTERN = NO;
				GCC_WARN_64_TO_32_BIT_CONVERSION = YES;
				GCC_WARN_ABOUT_RETURN_TYPE = YES_ERROR;
				GCC_WARN_UNDECLARED_SELECTOR = YES;
				GCC_WARN_UNINITIALIZED_AUTOS = YES_AGGRESSIVE;
				GCC_WARN_UNUSED_FUNCTION = YES;
				GCC_WARN_UNUSED_VARIABLE = YES;
				MACOSX_DEPLOYMENT_TARGET = 10.9;
				ONLY_ACTIVE_ARCH = YES;
				SDKROOT = macosx;
			};
			name = Debug;
		};
		1C54840518F6A608004FB2BC /* Release */ = {
			isa = XCBuildConfiguration;
			buildSettings = {
				ALWAYS_SEARCH_USER_PATHS = NO;
				CLANG_CXX_LANGUAGE_STANDARD = "gnu++0x";
				CLANG_CXX_LIBRARY = "libc++";
				CLANG_ENABLE_MODULES = YES;
				CLANG_ENABLE_OBJC_ARC = YES;
				CLANG_WARN_BOOL_CONVERSION = YES;
				CLANG_WARN_CONSTANT_CONVERSION = YES;
				CLANG_WARN_DIRECT_OBJC_ISA_USAGE = YES_ERROR;
				CLANG_WARN_EMPTY_BODY = YES;
				CLANG_WARN_ENUM_CONVERSION = YES;
				CLANG_WARN_INT_CONVERSION = YES;
				CLANG_WARN_OBJC_ROOT_CLASS = YES_ERROR;
				CLANG_WARN__DUPLICATE_METHOD_MATCH = YES;
				COPY_PHASE_STRIP = YES;
				DEBUG_INFORMATION_FORMAT = "dwarf-with-dsym";
				ENABLE_NS_ASSERTIONS = NO;
				GCC_C_LANGUAGE_STANDARD = gnu99;
				GCC_ENABLE_OBJC_EXCEPTIONS = YES;
				GCC_WARN_64_TO_32_BIT_CONVERSION = YES;
				GCC_WARN_ABOUT_RETURN_TYPE = YES_ERROR;
				GCC_WARN_UNDECLARED_SELECTOR = YES;
				GCC_WARN_UNINITIALIZED_AUTOS = YES_AGGRESSIVE;
				GCC_WARN_UNUSED_FUNCTION = YES;
				GCC_WARN_UNUSED_VARIABLE = YES;
				MACOSX_DEPLOYMENT_TARGET = 10.9;
				SDKROOT = macosx;
			};
			name = Release;
		};
		1C54840718F6A608004FB2BC /* Debug */ = {
			isa = XCBuildConfiguration;
			buildSettings = {
				DEPLOYMENT_LOCATION = YES;
				DSTROOT = "$(SRCROOT)/lib";
				EXECUTABLE_PREFIX = lib;
				HEADER_SEARCH_PATHS = "$(SRCROOT)/../../kernel/include";
				INSTALL_PATH = "/$(CONFIGURATION)";
				LIBRARY_SEARCH_PATHS = (
					"$(inherited)",
					"$(SRCROOT)/../../kernel/lib/$(CONFIGURATION)",
				);
				MACOSX_DEPLOYMENT_TARGET = 10.8;
				OTHER_CFLAGS = (
					"-DPOSIX",
					"-D_LINUX",
					"-DDarwin",
				);
				PRODUCT_NAME = "$(TARGET_NAME)";
				STRIP_STYLE = all;
			};
			name = Debug;
		};
		1C54840818F6A608004FB2BC /* Release */ = {
			isa = XCBuildConfiguration;
			buildSettings = {
				DEPLOYMENT_LOCATION = YES;
				DSTROOT = "$(SRCROOT)/lib";
				EXECUTABLE_PREFIX = lib;
				HEADER_SEARCH_PATHS = "$(SRCROOT)/../../kernel/include";
				INSTALL_PATH = "/$(CONFIGURATION)";
				LIBRARY_SEARCH_PATHS = (
					"$(inherited)",
					"$(SRCROOT)/../../kernel/lib/$(CONFIGURATION)",
				);
				MACOSX_DEPLOYMENT_TARGET = 10.8;
				OTHER_CFLAGS = (
					"-DPOSIX",
					"-D_LINUX",
					"-DDarwin",
				);
				PRODUCT_NAME = "$(TARGET_NAME)";
				STRIP_STYLE = all;
			};
			name = Release;
		};
/* End XCBuildConfiguration section */

/* Begin XCConfigurationList section */
		1C5483FD18F6A608004FB2BC /* Build configuration list for PBXProject "webapp" */ = {
			isa = XCConfigurationList;
			buildConfigurations = (
				1C54840418F6A608004FB2BC /* Debug */,
				1C54840518F6A608004FB2BC /* Release */,
			);
			defaultConfigurationIsVisible = 0;
			defaultConfigurationName = Release;
		};
		1C54840618F6A608004FB2BC /* Build configuration list for PBXNativeTarget "webapp" */ = {
			isa = XCConfigurationList;
			buildConfigurations = (
				1C54840718F6A608004FB2BC /* Debug */,
				1C54840818F6A608004FB2BC /* Release */,
			);
			defaultConfigurationIsVisible = 0;
			defaultConfigurationName = Release;
		};
/* End XCConfigurationList section */
	};
	rootObject = 1C5483FA18F6A608004FB2BC /* Project object */;
}
