// !$*UTF8*$!
{
	archiveVersion = 1;
	classes = {
	};
	objectVersion = 46;
	objects = {

/* Begin PBXBuildFile section */
		1C2FE28B190C372300EBE04B /* modbus.cpp in Sources */ = {isa = PBXBuildFile; fileRef = 1C2FE28A190C372300EBE04B /* modbus.cpp */; };
		1C2FE28D190C444200EBE04B /* libaffinity.dylib in Frameworks */ = {isa = PBXBuildFile; fileRef = 1C2FE28C190C444200EBE04B /* libaffinity.dylib */; };
/* End PBXBuildFile section */

/* Begin PBXFileReference section */
		1C2FE282190C367300EBE04B /* libmodbus.dylib */ = {isa = PBXFileReference; explicitFileType = "compiled.mach-o.dylib"; includeInIndex = 0; path = libmodbus.dylib; sourceTree = BUILT_PRODUCTS_DIR; };
		1C2FE28A190C372300EBE04B /* modbus.cpp */ = {isa = PBXFileReference; fileEncoding = 4; lastKnownFileType = sourcecode.cpp.cpp; name = modbus.cpp; path = src/modbus.cpp; sourceTree = "<group>"; };
		1C2FE28C190C444200EBE04B /* libaffinity.dylib */ = {isa = PBXFileReference; lastKnownFileType = "compiled.mach-o.dylib"; name = libaffinity.dylib; path = "../../../../Library/Developer/Xcode/DerivedData/kernel-awtwblkwspfzbkdyjctabennygke/Build/Products/Debug/libaffinity.dylib"; sourceTree = "<group>"; };
/* End PBXFileReference section */

/* Begin PBXFrameworksBuildPhase section */
		1C2FE27F190C367300EBE04B /* Frameworks */ = {
			isa = PBXFrameworksBuildPhase;
			buildActionMask = 2147483647;
			files = (
				1C2FE28D190C444200EBE04B /* libaffinity.dylib in Frameworks */,
			);
			runOnlyForDeploymentPostprocessing = 0;
		};
/* End PBXFrameworksBuildPhase section */

/* Begin PBXGroup section */
		1C2FE279190C367300EBE04B = {
			isa = PBXGroup;
			children = (
				1C2FE289190C368400EBE04B /* src */,
				1C2FE283190C367300EBE04B /* Products */,
				1C2FE28C190C444200EBE04B /* libaffinity.dylib */,
			);
			sourceTree = "<group>";
		};
		1C2FE283190C367300EBE04B /* Products */ = {
			isa = PBXGroup;
			children = (
				1C2FE282190C367300EBE04B /* libmodbus.dylib */,
			);
			name = Products;
			sourceTree = "<group>";
		};
		1C2FE289190C368400EBE04B /* src */ = {
			isa = PBXGroup;
			children = (
				1C2FE28A190C372300EBE04B /* modbus.cpp */,
			);
			name = src;
			sourceTree = "<group>";
		};
/* End PBXGroup section */

/* Begin PBXHeadersBuildPhase section */
		1C2FE280190C367300EBE04B /* Headers */ = {
			isa = PBXHeadersBuildPhase;
			buildActionMask = 2147483647;
			files = (
			);
			runOnlyForDeploymentPostprocessing = 0;
		};
/* End PBXHeadersBuildPhase section */

/* Begin PBXNativeTarget section */
		1C2FE281190C367300EBE04B /* modbus */ = {
			isa = PBXNativeTarget;
			buildConfigurationList = 1C2FE286190C367300EBE04B /* Build configuration list for PBXNativeTarget "modbus" */;
			buildPhases = (
				1C2FE27E190C367300EBE04B /* Sources */,
				1C2FE27F190C367300EBE04B /* Frameworks */,
				1C2FE280190C367300EBE04B /* Headers */,
			);
			buildRules = (
			);
			dependencies = (
			);
			name = modbus;
			productName = modbus;
			productReference = 1C2FE282190C367300EBE04B /* libmodbus.dylib */;
			productType = "com.apple.product-type.library.dynamic";
		};
/* End PBXNativeTarget section */

/* Begin PBXProject section */
		1C2FE27A190C367300EBE04B /* Project object */ = {
			isa = PBXProject;
			attributes = {
				LastUpgradeCheck = 0510;
				ORGANIZATIONNAME = "Mark Venguerov";
			};
			buildConfigurationList = 1C2FE27D190C367300EBE04B /* Build configuration list for PBXProject "modbus" */;
			compatibilityVersion = "Xcode 3.2";
			developmentRegion = English;
			hasScannedForEncodings = 0;
			knownRegions = (
				en,
			);
			mainGroup = 1C2FE279190C367300EBE04B;
			productRefGroup = 1C2FE283190C367300EBE04B /* Products */;
			projectDirPath = "";
			projectRoot = "";
			targets = (
				1C2FE281190C367300EBE04B /* modbus */,
			);
		};
/* End PBXProject section */

/* Begin PBXSourcesBuildPhase section */
		1C2FE27E190C367300EBE04B /* Sources */ = {
			isa = PBXSourcesBuildPhase;
			buildActionMask = 2147483647;
			files = (
				1C2FE28B190C372300EBE04B /* modbus.cpp in Sources */,
			);
			runOnlyForDeploymentPostprocessing = 0;
		};
/* End PBXSourcesBuildPhase section */

/* Begin XCBuildConfiguration section */
		1C2FE284190C367300EBE04B /* Debug */ = {
			isa = XCBuildConfiguration;
			buildSettings = {
				ALWAYS_SEARCH_USER_PATHS = NO;
				CLANG_CXX_LANGUAGE_STANDARD = "gnu++0x";
				CLANG_CXX_LIBRARY = "libc++";
				CLANG_ENABLE_MODULES = YES;
				CLANG_ENABLE_OBJC_ARC = YES;
				CLANG_WARN_BOOL_CONVERSION = YES;
				CLANG_WARN_CONSTANT_CONVERSION = YES;
				CLANG_WARN_DIRECT_OBJC_ISA_USAGE = YES_ERROR;
				CLANG_WARN_EMPTY_BODY = YES;
				CLANG_WARN_ENUM_CONVERSION = YES;
				CLANG_WARN_INT_CONVERSION = YES;
				CLANG_WARN_OBJC_ROOT_CLASS = YES_ERROR;
				CLANG_WARN__DUPLICATE_METHOD_MATCH = YES;
				COPY_PHASE_STRIP = NO;
				GCC_C_LANGUAGE_STANDARD = gnu99;
				GCC_DYNAMIC_NO_PIC = NO;
				GCC_ENABLE_OBJC_EXCEPTIONS = YES;
				GCC_OPTIMIZATION_LEVEL = 0;
				GCC_PREPROCESSOR_DEFINITIONS = (
					"DEBUG=1",
					"$(inherited)",
				);
				GCC_SYMBOLS_PRIVATE_EXTERN = NO;
				GCC_WARN_64_TO_32_BIT_CONVERSION = YES;
				GCC_WARN_ABOUT_RETURN_TYPE = YES_ERROR;
				GCC_WARN_UNDECLARED_SELECTOR = YES;
				GCC_WARN_UNINITIALIZED_AUTOS = YES_AGGRESSIVE;
				GCC_WARN_UNUSED_FUNCTION = YES;
				GCC_WARN_UNUSED_VARIABLE = YES;
				MACOSX_DEPLOYMENT_TARGET = 10.9;
				ONLY_ACTIVE_ARCH = YES;
				SDKROOT = macosx;
			};
			name = Debug;
		};
		1C2FE285190C367300EBE04B /* Release */ = {
			isa = XCBuildConfiguration;
			buildSettings = {
				ALWAYS_SEARCH_USER_PATHS = NO;
				CLANG_CXX_LANGUAGE_STANDARD = "gnu++0x";
				CLANG_CXX_LIBRARY = "libc++";
				CLANG_ENABLE_MODULES = YES;
				CLANG_ENABLE_OBJC_ARC = YES;
				CLANG_WARN_BOOL_CONVERSION = YES;
				CLANG_WARN_CONSTANT_CONVERSION = YES;
				CLANG_WARN_DIRECT_OBJC_ISA_USAGE = YES_ERROR;
				CLANG_WARN_EMPTY_BODY = YES;
				CLANG_WARN_ENUM_CONVERSION = YES;
				CLANG_WARN_INT_CONVERSION = YES;
				CLANG_WARN_OBJC_ROOT_CLASS = YES_ERROR;
				CLANG_WARN__DUPLICATE_METHOD_MATCH = YES;
				COPY_PHASE_STRIP = YES;
				DEBUG_INFORMATION_FORMAT = "dwarf-with-dsym";
				ENABLE_NS_ASSERTIONS = NO;
				GCC_C_LANGUAGE_STANDARD = gnu99;
				GCC_ENABLE_OBJC_EXCEPTIONS = YES;
				GCC_WARN_64_TO_32_BIT_CONVERSION = YES;
				GCC_WARN_ABOUT_RETURN_TYPE = YES_ERROR;
				GCC_WARN_UNDECLARED_SELECTOR = YES;
				GCC_WARN_UNINITIALIZED_AUTOS = YES_AGGRESSIVE;
				GCC_WARN_UNUSED_FUNCTION = YES;
				GCC_WARN_UNUSED_VARIABLE = YES;
				MACOSX_DEPLOYMENT_TARGET = 10.9;
				SDKROOT = macosx;
			};
			name = Release;
		};
		1C2FE287190C367300EBE04B /* Debug */ = {
			isa = XCBuildConfiguration;
			buildSettings = {
				DEPLOYMENT_LOCATION = YES;
				DSTROOT = "$(SRCROOT)/lib";
				EXECUTABLE_PREFIX = lib;
				HEADER_SEARCH_PATHS = "$(SRCROOT)/../../kernel/include";
				INSTALL_PATH = "/$(CONFIGURATION)$(EFFECTIVE_PLATFORM_NAME)";
				LIBRARY_SEARCH_PATHS = (
					"$(inherited)",
					"$(SRCROOT)/../../kernel/lib/$(CONFIGURATION)",
					"$(USER_LIBRARY_DIR)/Developer/Xcode/DerivedData/kernel-awtwblkwspfzbkdyjctabennygke/Build/Products/Debug",
				);
				OTHER_CFLAGS = (
					"-DPOSIX",
					"-D_LINUX",
					"-DDarwin",
				);
				PRODUCT_NAME = "$(TARGET_NAME)";
			};
			name = Debug;
		};
		1C2FE288190C367300EBE04B /* Release */ = {
			isa = XCBuildConfiguration;
			buildSettings = {
				DEPLOYMENT_LOCATION = YES;
				DSTROOT = "$(SRCROOT)/lib";
				EXECUTABLE_PREFIX = lib;
				HEADER_SEARCH_PATHS = "$(SRCROOT)/../../kernel/include";
				INSTALL_PATH = "/$(CONFIGURATION)$(EFFECTIVE_PLATFORM_NAME)";
				LIBRARY_SEARCH_PATHS = (
					"$(inherited)",
					"$(SRCROOT)/../../kernel/lib/$(CONFIGURATION)",
					"$(USER_LIBRARY_DIR)/Developer/Xcode/DerivedData/kernel-awtwblkwspfzbkdyjctabennygke/Build/Products/Debug",
				);
				OTHER_CFLAGS = (
					"-DPOSIX",
					"-D_LINUX",
					"-DDarwin",
				);
				PRODUCT_NAME = "$(TARGET_NAME)";
			};
			name = Release;
		};
/* End XCBuildConfiguration section */

/* Begin XCConfigurationList section */
		1C2FE27D190C367300EBE04B /* Build configuration list for PBXProject "modbus" */ = {
			isa = XCConfigurationList;
			buildConfigurations = (
				1C2FE284190C367300EBE04B /* Debug */,
				1C2FE285190C367300EBE04B /* Release */,
			);
			defaultConfigurationIsVisible = 0;
			defaultConfigurationName = Release;
		};
		1C2FE286190C367300EBE04B /* Build configuration list for PBXNativeTarget "modbus" */ = {
			isa = XCConfigurationList;
			buildConfigurations = (
				1C2FE287190C367300EBE04B /* Debug */,
				1C2FE288190C367300EBE04B /* Release */,
			);
			defaultConfigurationIsVisible = 0;
			defaultConfigurationName = Release;
		};
/* End XCConfigurationList section */
	};
	rootObject = 1C2FE27A190C367300EBE04B /* Project object */;
}
